
Microsoft Visual Studio Solution File, Format Version 12.00
# Visual Studio Version 17
VisualStudioVersion = 17.13.35931.197 d17.13
MinimumVisualStudioVersion = 10.0.40219.1
Project("{FAE04EC0-301F-11D3-BF4B-00C04F79EFBC}") = "ImageDuplicateFinder", "ImageDuplicateFinder\ImageDuplicateFinder.csproj", "{BAEC7AF9-5C8E-461E-BBED-F7DF1FC74F22}"
EndProject
Project("{FAE04EC0-301F-11D3-BF4B-00C04F79EFBC}") = "ImageDuplicateFinder2", "ImageDuplicateFinder2\ImageDuplicateFinder2.csproj", "{5CB77D4B-A391-4BAF-9480-CFF61FAC9B76}"
EndProject
Global
	GlobalSection(SolutionConfigurationPlatforms) = preSolution
		Debug|Any CPU = Debug|Any CPU
		Release|Any CPU = Release|Any CPU
	EndGlobalSection
	GlobalSection(ProjectConfigurationPlatforms) = postSolution
		{BAEC7AF9-5C8E-461E-BBED-F7DF1FC74F22}.Debug|Any CPU.ActiveCfg = Debug|Any CPU
		{BAEC7AF9-5C8E-461E-BBED-F7DF1FC74F22}.Debug|Any CPU.Build.0 = Debug|Any CPU
		{BAEC7AF9-5C8E-461E-BBED-F7DF1FC74F22}.Release|Any CPU.ActiveCfg = Release|Any CPU
		{BAEC7AF9-5C8E-461E-BBED-F7DF1FC74F22}.Release|Any CPU.Build.0 = Release|Any CPU
		{5CB77D4B-A391-4BAF-9480-CFF61FAC9B76}.Debug|Any CPU.ActiveCfg = Debug|Any CPU
		{5CB77D4B-A391-4BAF-9480-CFF61FAC9B76}.Debug|Any CPU.Build.0 = Debug|Any CPU
		{5CB77D4B-A391-4BAF-9480-CFF61FAC9B76}.Release|Any CPU.ActiveCfg = Release|Any CPU
		{5CB77D4B-A391-4BAF-9480-CFF61FAC9B76}.Release|Any CPU.Build.0 = Release|Any CPU
	EndGlobalSection
	GlobalSection(SolutionProperties) = preSolution
		HideSolutionNode = FALSE
	EndGlobalSection
	GlobalSection(ExtensibilityGlobals) = postSolution
		SolutionGuid = {08FD0A94-1792-48E8-A1AB-E1A1D5442053}
	EndGlobalSection
EndGlobal
